// !$*UTF8*$!
{
	archiveVersion = 1;
	classes = {
	};
	objectVersion = 56;
	objects = {

/* Begin PBXBuildFile section */
		39654D542CD5DCC800300B3D /* BatterytrackerApp.swift in Sources */ = {isa = PBXBuildFile; fileRef = 39654D532CD5DCC800300B3D /* BatterytrackerApp.swift */; };
		39654D562CD5DCC800300B3D /* ContentView.swift in Sources */ = {isa = PBXBuildFile; fileRef = 39654D552CD5DCC800300B3D /* ContentView.swift */; };
		39654D582CD5DCC800300B3D /* Item.swift in Sources */ = {isa = PBXBuildFile; fileRef = 39654D572CD5DCC800300B3D /* Item.swift */; };
		39654D5A2CD5DCCB00300B3D /* Assets.xcassets in Resources */ = {isa = PBXBuildFile; fileRef = 39654D592CD5DCCB00300B3D /* Assets.xcassets */; };
		39654D5D2CD5DCCB00300B3D /* Preview Assets.xcassets in Resources */ = {isa = PBXBuildFile; fileRef = 39654D5C2CD5DCCB00300B3D /* Preview Assets.xcassets */; };
		39654D692CD5DCCB00300B3D /* BatterytrackerTests.swift in Sources */ = {isa = PBXBuildFile; fileRef = 39654D682CD5DCCB00300B3D /* BatterytrackerTests.swift */; };
		39654D732CD5DCCB00300B3D /* BatterytrackerUITests.swift in Sources */ = {isa = PBXBuildFile; fileRef = 39654D722CD5DCCB00300B3D /* BatterytrackerUITests.swift */; };
		39654D752CD5DCCB00300B3D /* BatterytrackerUITestsLaunchTests.swift in Sources */ = {isa = PBXBuildFile; fileRef = 39654D742CD5DCCB00300B3D /* BatterytrackerUITestsLaunchTests.swift */; };
/* End PBXBuildFile section */

/* Begin PBXContainerItemProxy section */
		39654D652CD5DCCB00300B3D /* PBXContainerItemProxy */ = {
			isa = PBXContainerItemProxy;
			containerPortal = 39654D482CD5DCC800300B3D /* Project object */;
			proxyType = 1;
			remoteGlobalIDString = 39654D4F2CD5DCC800300B3D;
			remoteInfo = Batterytracker;
		};
		39654D6F2CD5DCCB00300B3D /* PBXContainerItemProxy */ = {
			isa = PBXContainerItemProxy;
			containerPortal = 39654D482CD5DCC800300B3D /* Project object */;
			proxyType = 1;
			remoteGlobalIDString = 39654D4F2CD5DCC800300B3D;
			remoteInfo = Batterytracker;
		};
/* End PBXContainerItemProxy section */

/* Begin PBXFileReference section */
		39654D502CD5DCC800300B3D /* Batterytracker.app */ = {isa = PBXFileReference; explicitFileType = wrapper.application; includeInIndex = 0; path = Batterytracker.app; sourceTree = BUILT_PRODUCTS_DIR; };
		39654D532CD5DCC800300B3D /* BatterytrackerApp.swift */ = {isa = PBXFileReference; lastKnownFileType = sourcecode.swift; path = BatterytrackerApp.swift; sourceTree = "<group>"; };
		39654D552CD5DCC800300B3D /* ContentView.swift */ = {isa = PBXFileReference; lastKnownFileType = sourcecode.swift; path = ContentView.swift; sourceTree = "<group>"; };
		39654D572CD5DCC800300B3D /* Item.swift */ = {isa = PBXFileReference; lastKnownFileType = sourcecode.swift; path = Item.swift; sourceTree = "<group>"; };
		39654D592CD5DCCB00300B3D /* Assets.xcassets */ = {isa = PBXFileReference; lastKnownFileType = folder.assetcatalog; path = Assets.xcassets; sourceTree = "<group>"; };
		39654D5C2CD5DCCB00300B3D /* Preview Assets.xcassets */ = {isa = PBXFileReference; lastKnownFileType = folder.assetcatalog; path = "Preview Assets.xcassets"; sourceTree = "<group>"; };
		39654D5E2CD5DCCB00300B3D /* Batterytracker.entitlements */ = {isa = PBXFileReference; lastKnownFileType = text.plist.entitlements; path = Batterytracker.entitlements; sourceTree = "<group>"; };
		39654D5F2CD5DCCB00300B3D /* Info.plist */ = {isa = PBXFileReference; lastKnownFileType = text.plist.xml; path = Info.plist; sourceTree = "<group>"; };
		39654D642CD5DCCB00300B3D /* BatterytrackerTests.xctest */ = {isa = PBXFileReference; explicitFileType = wrapper.cfbundle; includeInIndex = 0; path = BatterytrackerTests.xctest; sourceTree = BUILT_PRODUCTS_DIR; };
		39654D682CD5DCCB00300B3D /* BatterytrackerTests.swift */ = {isa = PBXFileReference; lastKnownFileType = sourcecode.swift; path = BatterytrackerTests.swift; sourceTree = "<group>"; };
		39654D6E2CD5DCCB00300B3D /* BatterytrackerUITests.xctest */ = {isa = PBXFileReference; explicitFileType = wrapper.cfbundle; includeInIndex = 0; path = BatterytrackerUITests.xctest; sourceTree = BUILT_PRODUCTS_DIR; };
		39654D722CD5DCCB00300B3D /* BatterytrackerUITests.swift */ = {isa = PBXFileReference; lastKnownFileType = sourcecode.swift; path = BatterytrackerUITests.swift; sourceTree = "<group>"; };
		39654D742CD5DCCB00300B3D /* BatterytrackerUITestsLaunchTests.swift */ = {isa = PBXFileReference; lastKnownFileType = sourcecode.swift; path = BatterytrackerUITestsLaunchTests.swift; sourceTree = "<group>"; };
/* End PBXFileReference section */

/* Begin PBXFrameworksBuildPhase section */
		39654D4D2CD5DCC800300B3D /* Frameworks */ = {
			isa = PBXFrameworksBuildPhase;
			buildActionMask = 2147483647;
			files = (
			);
			runOnlyForDeploymentPostprocessing = 0;
		};
		39654D612CD5DCCB00300B3D /* Frameworks */ = {
			isa = PBXFrameworksBuildPhase;
			buildActionMask = 2147483647;
			files = (
			);
			runOnlyForDeploymentPostprocessing = 0;
		};
		39654D6B2CD5DCCB00300B3D /* Frameworks */ = {
			isa = PBXFrameworksBuildPhase;
			buildActionMask = 2147483647;
			files = (
			);
			runOnlyForDeploymentPostprocessing = 0;
		};
/* End PBXFrameworksBuildPhase section */

/* Begin PBXGroup section */
		39654D472CD5DCC800300B3D = {
			isa = PBXGroup;
			children = (
				39654D522CD5DCC800300B3D /* Batterytracker */,
				39654D672CD5DCCB00300B3D /* BatterytrackerTests */,
				39654D712CD5DCCB00300B3D /* BatterytrackerUITests */,
				39654D512CD5DCC800300B3D /* Products */,
			);
			sourceTree = "<group>";
		};
		39654D512CD5DCC800300B3D /* Products */ = {
			isa = PBXGroup;
			children = (
				39654D502CD5DCC800300B3D /* Batterytracker.app */,
				39654D642CD5DCCB00300B3D /* BatterytrackerTests.xctest */,
				39654D6E2CD5DCCB00300B3D /* BatterytrackerUITests.xctest */,
			);
			name = Products;
			sourceTree = "<group>";
		};
		39654D522CD5DCC800300B3D /* Batterytracker */ = {
			isa = PBXGroup;
			children = (
				39654D532CD5DCC800300B3D /* BatterytrackerApp.swift */,
				39654D552CD5DCC800300B3D /* ContentView.swift */,
				39654D572CD5DCC800300B3D /* Item.swift */,
				39654D592CD5DCCB00300B3D /* Assets.xcassets */,
				39654D5E2CD5DCCB00300B3D /* Batterytracker.entitlements */,
				39654D5F2CD5DCCB00300B3D /* Info.plist */,
				39654D5B2CD5DCCB00300B3D /* Preview Content */,
			);
			path = Batterytracker;
			sourceTree = "<group>";
		};
		39654D5B2CD5DCCB00300B3D /* Preview Content */ = {
			isa = PBXGroup;
			children = (
				39654D5C2CD5DCCB00300B3D /* Preview Assets.xcassets */,
			);
			path = "Preview Content";
			sourceTree = "<group>";
		};
		39654D672CD5DCCB00300B3D /* BatterytrackerTests */ = {
			isa = PBXGroup;
			children = (
				39654D682CD5DCCB00300B3D /* BatterytrackerTests.swift */,
			);
			path = BatterytrackerTests;
			sourceTree = "<group>";
		};
		39654D712CD5DCCB00300B3D /* BatterytrackerUITests */ = {
			isa = PBXGroup;
			children = (
				39654D722CD5DCCB00300B3D /* BatterytrackerUITests.swift */,
				39654D742CD5DCCB00300B3D /* BatterytrackerUITestsLaunchTests.swift */,
			);
			path = BatterytrackerUITests;
			sourceTree = "<group>";
		};
/* End PBXGroup section */

/* Begin PBXNativeTarget section */
		39654D4F2CD5DCC800300B3D /* Batterytracker */ = {
			isa = PBXNativeTarget;
			buildConfigurationList = 39654D782CD5DCCB00300B3D /* Build configuration list for PBXNativeTarget "Batterytracker" */;
			buildPhases = (
				39654D4C2CD5DCC800300B3D /* Sources */,
				39654D4D2CD5DCC800300B3D /* Frameworks */,
				39654D4E2CD5DCC800300B3D /* Resources */,
			);
			buildRules = (
			);
			dependencies = (
			);
			name = Batterytracker;
			productName = Batterytracker;
			productReference = 39654D502CD5DCC800300B3D /* Batterytracker.app */;
			productType = "com.apple.product-type.application";
		};
		39654D632CD5DCCB00300B3D /* BatterytrackerTests */ = {
			isa = PBXNativeTarget;
			buildConfigurationList = 39654D7B2CD5DCCB00300B3D /* Build configuration list for PBXNativeTarget "BatterytrackerTests" */;
			buildPhases = (
				39654D602CD5DCCB00300B3D /* Sources */,
				39654D612CD5DCCB00300B3D /* Frameworks */,
				39654D622CD5DCCB00300B3D /* Resources */,
			);
			buildRules = (
			);
			dependencies = (
				39654D662CD5DCCB00300B3D /* PBXTargetDependency */,
			);
			name = BatterytrackerTests;
			productName = BatterytrackerTests;
			productReference = 39654D642CD5DCCB00300B3D /* BatterytrackerTests.xctest */;
			productType = "com.apple.product-type.bundle.unit-test";
		};
		39654D6D2CD5DCCB00300B3D /* BatterytrackerUITests */ = {
			isa = PBXNativeTarget;
			buildConfigurationList = 39654D7E2CD5DCCB00300B3D /* Build configuration list for PBXNativeTarget "BatterytrackerUITests" */;
			buildPhases = (
				39654D6A2CD5DCCB00300B3D /* Sources */,
				39654D6B2CD5DCCB00300B3D /* Frameworks */,
				39654D6C2CD5DCCB00300B3D /* Resources */,
			);
			buildRules = (
			);
			dependencies = (
				39654D702CD5DCCB00300B3D /* PBXTargetDependency */,
			);
			name = BatterytrackerUITests;
			productName = BatterytrackerUITests;
			productReference = 39654D6E2CD5DCCB00300B3D /* BatterytrackerUITests.xctest */;
			productType = "com.apple.product-type.bundle.ui-testing";
		};
/* End PBXNativeTarget section */

/* Begin PBXProject section */
		39654D482CD5DCC800300B3D /* Project object */ = {
			isa = PBXProject;
			attributes = {
				BuildIndependentTargetsInParallel = 1;
				LastSwiftUpdateCheck = 1500;
				LastUpgradeCheck = 1500;
				TargetAttributes = {
					39654D4F2CD5DCC800300B3D = {
						CreatedOnToolsVersion = 15.0.1;
					};
					39654D632CD5DCCB00300B3D = {
						CreatedOnToolsVersion = 15.0.1;
						TestTargetID = 39654D4F2CD5DCC800300B3D;
					};
					39654D6D2CD5DCCB00300B3D = {
						CreatedOnToolsVersion = 15.0.1;
						TestTargetID = 39654D4F2CD5DCC800300B3D;
					};
				};
			};
			buildConfigurationList = 39654D4B2CD5DCC800300B3D /* Build configuration list for PBXProject "Batterytracker" */;
			compatibilityVersion = "Xcode 14.0";
			developmentRegion = en;
			hasScannedForEncodings = 0;
			knownRegions = (
				en,
				Base,
			);
			mainGroup = 39654D472CD5DCC800300B3D;
			productRefGroup = 39654D512CD5DCC800300B3D /* Products */;
			projectDirPath = "";
			projectRoot = "";
			targets = (
				39654D4F2CD5DCC800300B3D /* Batterytracker */,
				39654D632CD5DCCB00300B3D /* BatterytrackerTests */,
				39654D6D2CD5DCCB00300B3D /* BatterytrackerUITests */,
			);
		};
/* End PBXProject section */

/* Begin PBXResourcesBuildPhase section */
		39654D4E2CD5DCC800300B3D /* Resources */ = {
			isa = PBXResourcesBuildPhase;
			buildActionMask = 2147483647;
			files = (
				39654D5D2CD5DCCB00300B3D /* Preview Assets.xcassets in Resources */,
				39654D5A2CD5DCCB00300B3D /* Assets.xcassets in Resources */,
			);
			runOnlyForDeploymentPostprocessing = 0;
		};
		39654D622CD5DCCB00300B3D /* Resources */ = {
			isa = PBXResourcesBuildPhase;
			buildActionMask = 2147483647;
			files = (
			);
			runOnlyForDeploymentPostprocessing = 0;
		};
		39654D6C2CD5DCCB00300B3D /* Resources */ = {
			isa = PBXResourcesBuildPhase;
			buildActionMask = 2147483647;
			files = (
			);
			runOnlyForDeploymentPostprocessing = 0;
		};
/* End PBXResourcesBuildPhase section */

/* Begin PBXSourcesBuildPhase section */
		39654D4C2CD5DCC800300B3D /* Sources */ = {
			isa = PBXSourcesBuildPhase;
			buildActionMask = 2147483647;
			files = (
				39654D562CD5DCC800300B3D /* ContentView.swift in Sources */,
				39654D582CD5DCC800300B3D /* Item.swift in Sources */,
				39654D542CD5DCC800300B3D /* BatterytrackerApp.swift in Sources */,
			);
			runOnlyForDeploymentPostprocessing = 0;
		};
		39654D602CD5DCCB00300B3D /* Sources */ = {
			isa = PBXSourcesBuildPhase;
			buildActionMask = 2147483647;
			files = (
				39654D692CD5DCCB00300B3D /* BatterytrackerTests.swift in Sources */,
			);
			runOnlyForDeploymentPostprocessing = 0;
		};
		39654D6A2CD5DCCB00300B3D /* Sources */ = {
			isa = PBXSourcesBuildPhase;
			buildActionMask = 2147483647;
			files = (
				39654D732CD5DCCB00300B3D /* BatterytrackerUITests.swift in Sources */,
				39654D752CD5DCCB00300B3D /* BatterytrackerUITestsLaunchTests.swift in Sources */,
			);
			runOnlyForDeploymentPostprocessing = 0;
		};
/* End PBXSourcesBuildPhase section */

/* Begin PBXTargetDependency section */
		39654D662CD5DCCB00300B3D /* PBXTargetDependency */ = {
			isa = PBXTargetDependency;
			target = 39654D4F2CD5DCC800300B3D /* Batterytracker */;
			targetProxy = 39654D652CD5DCCB00300B3D /* PBXContainerItemProxy */;
		};
		39654D702CD5DCCB00300B3D /* PBXTargetDependency */ = {
			isa = PBXTargetDependency;
			target = 39654D4F2CD5DCC800300B3D /* Batterytracker */;
			targetProxy = 39654D6F2CD5DCCB00300B3D /* PBXContainerItemProxy */;
		};
/* End PBXTargetDependency section */

/* Begin XCBuildConfiguration section */
		39654D762CD5DCCB00300B3D /* Debug */ = {
			isa = XCBuildConfiguration;
			buildSettings = {
				ALWAYS_SEARCH_USER_PATHS = NO;
				ASSETCATALOG_COMPILER_GENERATE_SWIFT_ASSET_SYMBOL_EXTENSIONS = YES;
				CLANG_ANALYZER_NONNULL = YES;
				CLANG_ANALYZER_NUMBER_OBJECT_CONVERSION = YES_AGGRESSIVE;
				CLANG_CXX_LANGUAGE_STANDARD = "gnu++20";
				CLANG_ENABLE_MODULES = YES;
				CLANG_ENABLE_OBJC_ARC = YES;
				CLANG_ENABLE_OBJC_WEAK = YES;
				CLANG_WARN_BLOCK_CAPTURE_AUTORELEASING = YES;
				CLANG_WARN_BOOL_CONVERSION = YES;
				CLANG_WARN_COMMA = YES;
				CLANG_WARN_CONSTANT_CONVERSION = YES;
				CLANG_WARN_DEPRECATED_OBJC_IMPLEMENTATIONS = YES;
				CLANG_WARN_DIRECT_OBJC_ISA_USAGE = YES_ERROR;
				CLANG_WARN_DOCUMENTATION_COMMENTS = YES;
				CLANG_WARN_EMPTY_BODY = YES;
				CLANG_WARN_ENUM_CONVERSION = YES;
				CLANG_WARN_INFINITE_RECURSION = YES;
				CLANG_WARN_INT_CONVERSION = YES;
				CLANG_WARN_NON_LITERAL_NULL_CONVERSION = YES;
				CLANG_WARN_OBJC_IMPLICIT_RETAIN_SELF = YES;
				CLANG_WARN_OBJC_LITERAL_CONVERSION = YES;
				CLANG_WARN_OBJC_ROOT_CLASS = YES_ERROR;
				CLANG_WARN_QUOTED_INCLUDE_IN_FRAMEWORK_HEADER = YES;
				CLANG_WARN_RANGE_LOOP_ANALYSIS = YES;
				CLANG_WARN_STRICT_PROTOTYPES = YES;
				CLANG_WARN_SUSPICIOUS_MOVE = YES;
				CLANG_WARN_UNGUARDED_AVAILABILITY = YES_AGGRESSIVE;
				CLANG_WARN_UNREACHABLE_CODE = YES;
				CLANG_WARN__DUPLICATE_METHOD_MATCH = YES;
				COPY_PHASE_STRIP = NO;
				DEBUG_INFORMATION_FORMAT = dwarf;
				ENABLE_STRICT_OBJC_MSGSEND = YES;
				ENABLE_TESTABILITY = YES;
				ENABLE_USER_SCRIPT_SANDBOXING = YES;
				GCC_C_LANGUAGE_STANDARD = gnu17;
				GCC_DYNAMIC_NO_PIC = NO;
				GCC_NO_COMMON_BLOCKS = YES;
				GCC_OPTIMIZATION_LEVEL = 0;
				GCC_PREPROCESSOR_DEFINITIONS = (
					"DEBUG=1",
					"$(inherited)",
				);
				GCC_WARN_64_TO_32_BIT_CONVERSION = YES;
				GCC_WARN_ABOUT_RETURN_TYPE = YES_ERROR;
				GCC_WARN_UNDECLARED_SELECTOR = YES;
				GCC_WARN_UNINITIALIZED_AUTOS = YES_AGGRESSIVE;
				GCC_WARN_UNUSED_FUNCTION = YES;
				GCC_WARN_UNUSED_VARIABLE = YES;
				IPHONEOS_DEPLOYMENT_TARGET = 17.0;
				LOCALIZATION_PREFERS_STRING_CATALOGS = YES;
				MTL_ENABLE_DEBUG_INFO = INCLUDE_SOURCE;
				MTL_FAST_MATH = YES;
				ONLY_ACTIVE_ARCH = YES;
				SDKROOT = iphoneos;
				SWIFT_ACTIVE_COMPILATION_CONDITIONS = "DEBUG $(inherited)";
				SWIFT_OPTIMIZATION_LEVEL = "-Onone";
			};
			name = Debug;
		};
		39654D772CD5DCCB00300B3D /* Release */ = {
			isa = XCBuildConfiguration;
			buildSettings = {
				ALWAYS_SEARCH_USER_PATHS = NO;
				ASSETCATALOG_COMPILER_GENERATE_SWIFT_ASSET_SYMBOL_EXTENSIONS = YES;
				CLANG_ANALYZER_NONNULL = YES;
				CLANG_ANALYZER_NUMBER_OBJECT_CONVERSION = YES_AGGRESSIVE;
				CLANG_CXX_LANGUAGE_STANDARD = "gnu++20";
				CLANG_ENABLE_MODULES = YES;
				CLANG_ENABLE_OBJC_ARC = YES;
				CLANG_ENABLE_OBJC_WEAK = YES;
				CLANG_WARN_BLOCK_CAPTURE_AUTORELEASING = YES;
				CLANG_WARN_BOOL_CONVERSION = YES;
				CLANG_WARN_COMMA = YES;
				CLANG_WARN_CONSTANT_CONVERSION = YES;
				CLANG_WARN_DEPRECATED_OBJC_IMPLEMENTATIONS = YES;
				CLANG_WARN_DIRECT_OBJC_ISA_USAGE = YES_ERROR;
				CLANG_WARN_DOCUMENTATION_COMMENTS = YES;
				CLANG_WARN_EMPTY_BODY = YES;
				CLANG_WARN_ENUM_CONVERSION = YES;
				CLANG_WARN_INFINITE_RECURSION = YES;
				CLANG_WARN_INT_CONVERSION = YES;
				CLANG_WARN_NON_LITERAL_NULL_CONVERSION = YES;
				CLANG_WARN_OBJC_IMPLICIT_RETAIN_SELF = YES;
				CLANG_WARN_OBJC_LITERAL_CONVERSION = YES;
				CLANG_WARN_OBJC_ROOT_CLASS = YES_ERROR;
				CLANG_WARN_QUOTED_INCLUDE_IN_FRAMEWORK_HEADER = YES;
				CLANG_WARN_RANGE_LOOP_ANALYSIS = YES;
				CLANG_WARN_STRICT_PROTOTYPES = YES;
				CLANG_WARN_SUSPICIOUS_MOVE = YES;
				CLANG_WARN_UNGUARDED_AVAILABILITY = YES_AGGRESSIVE;
				CLANG_WARN_UNREACHABLE_CODE = YES;
				CLANG_WARN__DUPLICATE_METHOD_MATCH = YES;
				COPY_PHASE_STRIP = NO;
				DEBUG_INFORMATION_FORMAT = "dwarf-with-dsym";
				ENABLE_NS_ASSERTIONS = NO;
				ENABLE_STRICT_OBJC_MSGSEND = YES;
				ENABLE_USER_SCRIPT_SANDBOXING = YES;
				GCC_C_LANGUAGE_STANDARD = gnu17;
				GCC_NO_COMMON_BLOCKS = YES;
				GCC_WARN_64_TO_32_BIT_CONVERSION = YES;
				GCC_WARN_ABOUT_RETURN_TYPE = YES_ERROR;
				GCC_WARN_UNDECLARED_SELECTOR = YES;
				GCC_WARN_UNINITIALIZED_AUTOS = YES_AGGRESSIVE;
				GCC_WARN_UNUSED_FUNCTION = YES;
				GCC_WARN_UNUSED_VARIABLE = YES;
				IPHONEOS_DEPLOYMENT_TARGET = 17.0;
				LOCALIZATION_PREFERS_STRING_CATALOGS = YES;
				MTL_ENABLE_DEBUG_INFO = NO;
				MTL_FAST_MATH = YES;
				SDKROOT = iphoneos;
				SWIFT_COMPILATION_MODE = wholemodule;
				VALIDATE_PRODUCT = YES;
			};
			name = Release;
		};
		39654D792CD5DCCB00300B3D /* Debug */ = {
			isa = XCBuildConfiguration;
			buildSettings = {
				ASSETCATALOG_COMPILER_APPICON_NAME = AppIcon;
				ASSETCATALOG_COMPILER_GLOBAL_ACCENT_COLOR_NAME = AccentColor;
				CODE_SIGN_ENTITLEMENTS = Batterytracker/Batterytracker.entitlements;
				CODE_SIGN_STYLE = Automatic;
				CURRENT_PROJECT_VERSION = 1;
				DEVELOPMENT_ASSET_PATHS = "\"Batterytracker/Preview Content\"";
				ENABLE_PREVIEWS = YES;
				GENERATE_INFOPLIST_FILE = YES;
				INFOPLIST_FILE = Batterytracker/Info.plist;
				INFOPLIST_KEY_UIApplicationSceneManifest_Generation = YES;
				INFOPLIST_KEY_UIApplicationSupportsIndirectInputEvents = YES;
				INFOPLIST_KEY_UILaunchScreen_Generation = YES;
				INFOPLIST_KEY_UISupportedInterfaceOrientations_iPad = "UIInterfaceOrientationPortrait UIInterfaceOrientationPortraitUpsideDown UIInterfaceOrientationLandscapeLeft UIInterfaceOrientationLandscapeRight";
				INFOPLIST_KEY_UISupportedInterfaceOrientations_iPhone = "UIInterfaceOrientationPortrait UIInterfaceOrientationLandscapeLeft UIInterfaceOrientationLandscapeRight";
				LD_RUNPATH_SEARCH_PATHS = (
					"$(inherited)",
					"@executable_path/Frameworks",
				);
				MARKETING_VERSION = 1.0;
				PRODUCT_BUNDLE_IDENTIFIER = hh.Batterytracker;
				PRODUCT_NAME = "$(TARGET_NAME)";
				SWIFT_EMIT_LOC_STRINGS = YES;
				SWIFT_VERSION = 5.0;
				TARGETED_DEVICE_FAMILY = "1,2";
			};
			name = Debug;
		};
		39654D7A2CD5DCCB00300B3D /* Release */ = {
			isa = XCBuildConfiguration;
			buildSettings = {
				ASSETCATALOG_COMPILER_APPICON_NAME = AppIcon;
				ASSETCATALOG_COMPILER_GLOBAL_ACCENT_COLOR_NAME = AccentColor;
				CODE_SIGN_ENTITLEMENTS = Batterytracker/Batterytracker.entitlements;
				CODE_SIGN_STYLE = Automatic;
				CURRENT_PROJECT_VERSION = 1;
				DEVELOPMENT_ASSET_PATHS = "\"Batterytracker/Preview Content\"";
				ENABLE_PREVIEWS = YES;
				GENERATE_INFOPLIST_FILE = YES;
				INFOPLIST_FILE = Batterytracker/Info.plist;
				INFOPLIST_KEY_UIApplicationSceneManifest_Generation = YES;
				INFOPLIST_KEY_UIApplicationSupportsIndirectInputEvents = YES;
				INFOPLIST_KEY_UILaunchScreen_Generation = YES;
				INFOPLIST_KEY_UISupportedInterfaceOrientations_iPad = "UIInterfaceOrientationPortrait UIInterfaceOrientationPortraitUpsideDown UIInterfaceOrientationLandscapeLeft UIInterfaceOrientationLandscapeRight";
				INFOPLIST_KEY_UISupportedInterfaceOrientations_iPhone = "UIInterfaceOrientationPortrait UIInterfaceOrientationLandscapeLeft UIInterfaceOrientationLandscapeRight";
				LD_RUNPATH_SEARCH_PATHS = (
					"$(inherited)",
					"@executable_path/Frameworks",
				);
				MARKETING_VERSION = 1.0;
				PRODUCT_BUNDLE_IDENTIFIER = hh.Batterytracker;
				PRODUCT_NAME = "$(TARGET_NAME)";
				SWIFT_EMIT_LOC_STRINGS = YES;
				SWIFT_VERSION = 5.0;
				TARGETED_DEVICE_FAMILY = "1,2";
			};
			name = Release;
		};
		39654D7C2CD5DCCB00300B3D /* Debug */ = {
			isa = XCBuildConfiguration;
			buildSettings = {
				ALWAYS_EMBED_SWIFT_STANDARD_LIBRARIES = YES;
				BUNDLE_LOADER = "$(TEST_HOST)";
				CODE_SIGN_STYLE = Automatic;
				CURRENT_PROJECT_VERSION = 1;
				GENERATE_INFOPLIST_FILE = YES;
				IPHONEOS_DEPLOYMENT_TARGET = 17.0;
				MARKETING_VERSION = 1.0;
				PRODUCT_BUNDLE_IDENTIFIER = hh.BatterytrackerTests;
				PRODUCT_NAME = "$(TARGET_NAME)";
				SWIFT_EMIT_LOC_STRINGS = NO;
				SWIFT_VERSION = 5.0;
				TARGETED_DEVICE_FAMILY = "1,2";
				TEST_HOST = "$(BUILT_PRODUCTS_DIR)/Batterytracker.app/$(BUNDLE_EXECUTABLE_FOLDER_PATH)/Batterytracker";
			};
			name = Debug;
		};
		39654D7D2CD5DCCB00300B3D /* Release */ = {
			isa = XCBuildConfiguration;
			buildSettings = {
				ALWAYS_EMBED_SWIFT_STANDARD_LIBRARIES = YES;
				BUNDLE_LOADER = "$(TEST_HOST)";
				CODE_SIGN_STYLE = Automatic;
				CURRENT_PROJECT_VERSION = 1;
				GENERATE_INFOPLIST_FILE = YES;
				IPHONEOS_DEPLOYMENT_TARGET = 17.0;
				MARKETING_VERSION = 1.0;
				PRODUCT_BUNDLE_IDENTIFIER = hh.BatterytrackerTests;
				PRODUCT_NAME = "$(TARGET_NAME)";
				SWIFT_EMIT_LOC_STRINGS = NO;
				SWIFT_VERSION = 5.0;
				TARGETED_DEVICE_FAMILY = "1,2";
				TEST_HOST = "$(BUILT_PRODUCTS_DIR)/Batterytracker.app/$(BUNDLE_EXECUTABLE_FOLDER_PATH)/Batterytracker";
			};
			name = Release;
		};
		39654D7F2CD5DCCB00300B3D /* Debug */ = {
			isa = XCBuildConfiguration;
			buildSettings = {
				ALWAYS_EMBED_SWIFT_STANDARD_LIBRARIES = YES;
				CODE_SIGN_STYLE = Automatic;
				CURRENT_PROJECT_VERSION = 1;
				GENERATE_INFOPLIST_FILE = YES;
				MARKETING_VERSION = 1.0;
				PRODUCT_BUNDLE_IDENTIFIER = hh.BatterytrackerUITests;
				PRODUCT_NAME = "$(TARGET_NAME)";
				SWIFT_EMIT_LOC_STRINGS = NO;
				SWIFT_VERSION = 5.0;
				TARGETED_DEVICE_FAMILY = "1,2";
				TEST_TARGET_NAME = Batterytracker;
			};
			name = Debug;
		};
		39654D802CD5DCCB00300B3D /* Release */ = {
			isa = XCBuildConfiguration;
			buildSettings = {
				ALWAYS_EMBED_SWIFT_STANDARD_LIBRARIES = YES;
				CODE_SIGN_STYLE = Automatic;
				CURRENT_PROJECT_VERSION = 1;
				GENERATE_INFOPLIST_FILE = YES;
				MARKETING_VERSION = 1.0;
				PRODUCT_BUNDLE_IDENTIFIER = hh.BatterytrackerUITests;
				PRODUCT_NAME = "$(TARGET_NAME)";
				SWIFT_EMIT_LOC_STRINGS = NO;
				SWIFT_VERSION = 5.0;
				TARGETED_DEVICE_FAMILY = "1,2";
				TEST_TARGET_NAME = Batterytracker;
			};
			name = Release;
		};
/* End XCBuildConfiguration section */

/* Begin XCConfigurationList section */
		39654D4B2CD5DCC800300B3D /* Build configuration list for PBXProject "Batterytracker" */ = {
			isa = XCConfigurationList;
			buildConfigurations = (
				39654D762CD5DCCB00300B3D /* Debug */,
				39654D772CD5DCCB00300B3D /* Release */,
			);
			defaultConfigurationIsVisible = 0;
			defaultConfigurationName = Release;
		};
		39654D782CD5DCCB00300B3D /* Build configuration list for PBXNativeTarget "Batterytracker" */ = {
			isa = XCConfigurationList;
			buildConfigurations = (
				39654D792CD5DCCB00300B3D /* Debug */,
				39654D7A2CD5DCCB00300B3D /* Release */,
			);
			defaultConfigurationIsVisible = 0;
			defaultConfigurationName = Release;
		};
		39654D7B2CD5DCCB00300B3D /* Build configuration list for PBXNativeTarget "BatterytrackerTests" */ = {
			isa = XCConfigurationList;
			buildConfigurations = (
				39654D7C2CD5DCCB00300B3D /* Debug */,
				39654D7D2CD5DCCB00300B3D /* Release */,
			);
			defaultConfigurationIsVisible = 0;
			defaultConfigurationName = Release;
		};
		39654D7E2CD5DCCB00300B3D /* Build configuration list for PBXNativeTarget "BatterytrackerUITests" */ = {
			isa = XCConfigurationList;
			buildConfigurations = (
				39654D7F2CD5DCCB00300B3D /* Debug */,
				39654D802CD5DCCB00300B3D /* Release */,
			);
			defaultConfigurationIsVisible = 0;
			defaultConfigurationName = Release;
		};
/* End XCConfigurationList section */
	};
	rootObject = 39654D482CD5DCC800300B3D /* Project object */;
}
